
Microsoft Visual Studio Solution File, Format Version 12.00
# Visual Studio 15
Project("{FAE04EC0-301F-11D3-BF4B-00C04F79EFBC}") = "UnityEngine.SpatialTracking", "UnityEngine.SpatialTracking.csproj", "{D96E69EB-5258-08DA-361B-EEB76EFAD611}"
EndProject
Project("{FAE04EC0-301F-11D3-BF4B-00C04F79EFBC}") = "Unity.Services.Core.Internal", "Unity.Services.Core.Internal.csproj", "{69D41D9A-951E-3466-A17A-A910A8874C78}"
EndProject
Project("{FAE04EC0-301F-11D3-BF4B-00C04F79EFBC}") = "Assembly-CSharp", "Assembly-CSharp.csproj", "{12FD6D24-6E8D-943F-7B01-BB729821FEEE}"
EndProject
Project("{FAE04EC0-301F-11D3-BF4B-00C04F79EFBC}") = "UnityEngine.TestRunner", "UnityEngine.TestRunner.csproj", "{C8B5605C-60DD-8D7A-922F-41A802FD4D87}"
EndProject
Project("{FAE04EC0-301F-11D3-BF4B-00C04F79EFBC}") = "UnityEngine.Purchasing.Stores", "UnityEngine.Purchasing.Stores.csproj", "{BF993F15-4EDC-9D77-64BB-33F72B8F3D0C}"
EndProject
Project("{FAE04EC0-301F-11D3-BF4B-00C04F79EFBC}") = "UnityEngine.XR.LegacyInputHelpers", "UnityEngine.XR.LegacyInputHelpers.csproj", "{10EC59E6-9726-237B-A5AB-9498767A0E26}"
EndProject
Project("{FAE04EC0-301F-11D3-BF4B-00C04F79EFBC}") = "Unity.Timeline", "Unity.Timeline.csproj", "{AA4F1247-C686-E3CD-4180-5D3888F1B335}"
EndProject
Project("{FAE04EC0-301F-11D3-BF4B-00C04F79EFBC}") = "UnityEngine.Purchasing.WinRTCore", "UnityEngine.Purchasing.WinRTCore.csproj", "{49348A2B-10B0-108A-C80F-CD387496F6EF}"
EndProject
Project("{FAE04EC0-301F-11D3-BF4B-00C04F79EFBC}") = "UnityEngine.Purchasing.SecurityCore", "UnityEngine.Purchasing.SecurityCore.csproj", "{56474E05-AC0C-7D5C-FC7F-E0A5A94047FF}"
EndProject
Project("{FAE04EC0-301F-11D3-BF4B-00C04F79EFBC}") = "Unity.TextMeshPro", "Unity.TextMeshPro.csproj", "{E42A35B0-AFBB-BD4A-BD04-EB5823FF0EC7}"
EndProject
Project("{FAE04EC0-301F-11D3-BF4B-00C04F79EFBC}") = "UnityEngine.Purchasing", "UnityEngine.Purchasing.csproj", "{B2EE17E6-C31B-4A43-59B2-77607AF48B55}"
EndProject
Project("{FAE04EC0-301F-11D3-BF4B-00C04F79EFBC}") = "UnityEngine.Purchasing.AppleCore", "UnityEngine.Purchasing.AppleCore.csproj", "{A27DB1AE-2AED-F03B-94FC-540C91DFC85E}"
EndProject
Project("{FAE04EC0-301F-11D3-BF4B-00C04F79EFBC}") = "Unity.Services.Core.Environments.Internal", "Unity.Services.Core.Environments.Internal.csproj", "{0FC6107C-1ECE-871F-1C69-C338591FDB1C}"
EndProject
Project("{FAE04EC0-301F-11D3-BF4B-00C04F79EFBC}") = "UnityEngine.Advertisements", "UnityEngine.Advertisements.csproj", "{C790E05E-76BF-A9AE-A782-B039C6D1A5A8}"
EndProject
Project("{FAE04EC0-301F-11D3-BF4B-00C04F79EFBC}") = "TTWebGL", "TTWebGL.csproj", "{B7237668-F96D-2960-9EF2-6814B4CFCA39}"
EndProject
Project("{FAE04EC0-301F-11D3-BF4B-00C04F79EFBC}") = "Unity.Services.Core", "Unity.Services.Core.csproj", "{7D07609A-C381-57C8-B731-11B7CC189A32}"
EndProject
Project("{FAE04EC0-301F-11D3-BF4B-00C04F79EFBC}") = "Unity.Services.Core.Scheduler", "Unity.Services.Core.Scheduler.csproj", "{76E3B71B-2E8B-1AEE-5D2A-FFAA6A434901}"
EndProject
Project("{FAE04EC0-301F-11D3-BF4B-00C04F79EFBC}") = "Unity.Services.Core.Configuration", "Unity.Services.Core.Configuration.csproj", "{DDC62770-6416-1922-ACBD-82ECD60DDB1E}"
EndProject
Project("{FAE04EC0-301F-11D3-BF4B-00C04F79EFBC}") = "Unity.Services.Core.Environments", "Unity.Services.Core.Environments.csproj", "{4FC79E9B-B4EB-D21C-82D4-40B926E1A156}"
EndProject
Project("{FAE04EC0-301F-11D3-BF4B-00C04F79EFBC}") = "Unity.Services.Core.Networking", "Unity.Services.Core.Networking.csproj", "{349CC130-5765-7855-965A-68D53294CE46}"
EndProject
Project("{FAE04EC0-301F-11D3-BF4B-00C04F79EFBC}") = "UnityEngine.Purchasing.SecurityStub", "UnityEngine.Purchasing.SecurityStub.csproj", "{D77DF9E2-409B-0A2A-F21B-356E28168757}"
EndProject
Project("{FAE04EC0-301F-11D3-BF4B-00C04F79EFBC}") = "Unity.Services.Core.Analytics", "Unity.Services.Core.Analytics.csproj", "{A6408106-D872-06CD-E86F-4A0E77C7F0B8}"
EndProject
Project("{FAE04EC0-301F-11D3-BF4B-00C04F79EFBC}") = "Purchasing.Common", "Purchasing.Common.csproj", "{37D0AC5E-4546-A5CA-15ED-5A1188143AEC}"
EndProject
Project("{FAE04EC0-301F-11D3-BF4B-00C04F79EFBC}") = "Unity.Services.Core.Telemetry", "Unity.Services.Core.Telemetry.csproj", "{E3E2B47D-60FA-68CB-4CD6-F6B1587F50FA}"
EndProject
Project("{FAE04EC0-301F-11D3-BF4B-00C04F79EFBC}") = "UnityEngine.Purchasing.Codeless", "UnityEngine.Purchasing.Codeless.csproj", "{B75706B5-4E18-25AE-E5DB-5201CA27FBDB}"
EndProject
Project("{FAE04EC0-301F-11D3-BF4B-00C04F79EFBC}") = "Unity.Services.Core.Registration", "Unity.Services.Core.Registration.csproj", "{B957A19D-0072-20FC-B0A9-3EAEE28CA6B6}"
EndProject
Project("{FAE04EC0-301F-11D3-BF4B-00C04F79EFBC}") = "Unity.Services.Core.Device", "Unity.Services.Core.Device.csproj", "{19E9310C-3670-B9EB-6E42-310F5C2439B4}"
EndProject
Project("{FAE04EC0-301F-11D3-BF4B-00C04F79EFBC}") = "UnityEngine.Purchasing.WinRTStub", "UnityEngine.Purchasing.WinRTStub.csproj", "{E1C7F2CF-9079-3A7D-A3C7-A676DFE1A140}"
EndProject
Project("{FAE04EC0-301F-11D3-BF4B-00C04F79EFBC}") = "TTLitJson", "TTLitJson.csproj", "{39B70460-B606-1DCA-75CA-2960FEF38A84}"
EndProject
Project("{FAE04EC0-301F-11D3-BF4B-00C04F79EFBC}") = "Unity.Services.Core.Threading", "Unity.Services.Core.Threading.csproj", "{EED7DA80-48EE-5AD2-E8B7-01E07F773992}"
EndProject
Project("{FAE04EC0-301F-11D3-BF4B-00C04F79EFBC}") = "UnityEngine.Purchasing.AppleStub", "UnityEngine.Purchasing.AppleStub.csproj", "{C5278A57-9CE8-8B54-89ED-D3F87753FCA7}"
EndProject
Project("{FAE04EC0-301F-11D3-BF4B-00C04F79EFBC}") = "UnityEngine.Purchasing.AppleMacosStub", "UnityEngine.Purchasing.AppleMacosStub.csproj", "{84370F93-7E24-58E6-1963-3181FB8B9614}"
EndProject
Project("{FAE04EC0-301F-11D3-BF4B-00C04F79EFBC}") = "Unity.Analytics.DataPrivacy", "Unity.Analytics.DataPrivacy.csproj", "{94FA9BD9-B356-E8AB-C02E-C14B8C98A060}"
EndProject
Project("{FAE04EC0-301F-11D3-BF4B-00C04F79EFBC}") = "Unity.Services.Core.Editor", "Unity.Services.Core.Editor.csproj", "{339B83CF-CD57-930A-300C-7832367C873E}"
EndProject
Project("{FAE04EC0-301F-11D3-BF4B-00C04F79EFBC}") = "UnityEditor.TestRunner", "UnityEditor.TestRunner.csproj", "{EBDC65FD-BB5B-FDBD-B1F9-AA22EBDC0F14}"
EndProject
Project("{FAE04EC0-301F-11D3-BF4B-00C04F79EFBC}") = "Unity.PlasticSCM.Editor", "Unity.PlasticSCM.Editor.csproj", "{9E572B42-ECD6-2771-ECDB-7B1B13831E25}"
EndProject
Project("{FAE04EC0-301F-11D3-BF4B-00C04F79EFBC}") = "UnityEditor.Purchasing", "UnityEditor.Purchasing.csproj", "{1641C6D2-9DB0-8356-1ECA-8DC36C6F2D31}"
EndProject
Project("{FAE04EC0-301F-11D3-BF4B-00C04F79EFBC}") = "Unity.Services.Core.Environments.Editor", "Unity.Services.Core.Environments.Editor.csproj", "{FEC6109C-72F8-F490-6BC0-EFE78E322978}"
EndProject
Project("{FAE04EC0-301F-11D3-BF4B-00C04F79EFBC}") = "Unity.VisualStudio.Editor", "Unity.VisualStudio.Editor.csproj", "{093E0F34-4337-A990-4FC9-94D9AC891E76}"
EndProject
Project("{FAE04EC0-301F-11D3-BF4B-00C04F79EFBC}") = "Unity.Timeline.Editor", "Unity.Timeline.Editor.csproj", "{97BFEB1E-EC51-90A7-047E-C90C2BC0DEAF}"
EndProject
Project("{FAE04EC0-301F-11D3-BF4B-00C04F79EFBC}") = "UnityEngine.Advertisements.Editor", "UnityEngine.Advertisements.Editor.csproj", "{0EA3B684-8FBF-BBF2-C62F-8D8929EC356D}"
EndProject
Project("{FAE04EC0-301F-11D3-BF4B-00C04F79EFBC}") = "Unity.TextMeshPro.Editor", "Unity.TextMeshPro.Editor.csproj", "{FD59AA95-67EF-EF4D-1AFD-49113833830F}"
EndProject
Project("{FAE04EC0-301F-11D3-BF4B-00C04F79EFBC}") = "Unity.Rider.Editor", "Unity.Rider.Editor.csproj", "{21442379-2850-7BBC-DF52-59FB33436FBA}"
EndProject
Project("{FAE04EC0-301F-11D3-BF4B-00C04F79EFBC}") = "UnityEngine.Advertisements.DevX.Editor", "UnityEngine.Advertisements.DevX.Editor.csproj", "{518E410F-79B3-D8E3-1B22-E6854DBC0D05}"
EndProject
Project("{FAE04EC0-301F-11D3-BF4B-00C04F79EFBC}") = "UnityEditor.XR.LegacyInputHelpers", "UnityEditor.XR.LegacyInputHelpers.csproj", "{9248C58D-C01E-1E4A-4752-0EC576A4FF29}"
EndProject
Project("{FAE04EC0-301F-11D3-BF4B-00C04F79EFBC}") = "Unity.VSCode.Editor", "Unity.VSCode.Editor.csproj", "{B20F5AC4-E78B-3793-C562-A3018F50EA63}"
EndProject
Project("{FAE04EC0-301F-11D3-BF4B-00C04F79EFBC}") = "Unity.Services.Core.Configuration.Editor", "Unity.Services.Core.Configuration.Editor.csproj", "{260511DF-DFDE-9BA7-5811-7481AC924FFF}"
EndProject
Project("{FAE04EC0-301F-11D3-BF4B-00C04F79EFBC}") = "UnityEditor.SpatialTracking", "UnityEditor.SpatialTracking.csproj", "{F5AB4B87-5F43-A2DE-7641-D97048F8C388}"
EndProject
Project("{FAE04EC0-301F-11D3-BF4B-00C04F79EFBC}") = "Unity.CollabProxy.Editor", "Unity.CollabProxy.Editor.csproj", "{F985AB16-5B33-BC25-A76A-8668FBD68213}"
EndProject
Project("{FAE04EC0-301F-11D3-BF4B-00C04F79EFBC}") = "Analytics", "Analytics.csproj", "{D535CAA4-3AD7-0BC7-3DFD-1D34468DC034}"
EndProject
Project("{FAE04EC0-301F-11D3-BF4B-00C04F79EFBC}") = "com.bytedance.ttsdk-editor", "com.bytedance.ttsdk-editor.csproj", "{1A19D37D-96CF-D8BB-FD33-3673EDCBA0FC}"
EndProject
Global
	GlobalSection(SolutionConfigurationPlatforms) = preSolution
		Debug|Any CPU = Debug|Any CPU
		Release|Any CPU = Release|Any CPU
	EndGlobalSection
	GlobalSection(ProjectConfigurationPlatforms) = postSolution
		{D96E69EB-5258-08DA-361B-EEB76EFAD611}.Debug|Any CPU.ActiveCfg = Debug|Any CPU
		{D96E69EB-5258-08DA-361B-EEB76EFAD611}.Debug|Any CPU.Build.0 = Debug|Any CPU
		{D96E69EB-5258-08DA-361B-EEB76EFAD611}.Release|Any CPU.ActiveCfg = Release|Any CPU
		{D96E69EB-5258-08DA-361B-EEB76EFAD611}.Release|Any CPU.Build.0 = Release|Any CPU
		{69D41D9A-951E-3466-A17A-A910A8874C78}.Debug|Any CPU.ActiveCfg = Debug|Any CPU
		{69D41D9A-951E-3466-A17A-A910A8874C78}.Debug|Any CPU.Build.0 = Debug|Any CPU
		{69D41D9A-951E-3466-A17A-A910A8874C78}.Release|Any CPU.ActiveCfg = Release|Any CPU
		{69D41D9A-951E-3466-A17A-A910A8874C78}.Release|Any CPU.Build.0 = Release|Any CPU
		{12FD6D24-6E8D-943F-7B01-BB729821FEEE}.Debug|Any CPU.ActiveCfg = Debug|Any CPU
		{12FD6D24-6E8D-943F-7B01-BB729821FEEE}.Debug|Any CPU.Build.0 = Debug|Any CPU
		{12FD6D24-6E8D-943F-7B01-BB729821FEEE}.Release|Any CPU.ActiveCfg = Release|Any CPU
		{12FD6D24-6E8D-943F-7B01-BB729821FEEE}.Release|Any CPU.Build.0 = Release|Any CPU
		{C8B5605C-60DD-8D7A-922F-41A802FD4D87}.Debug|Any CPU.ActiveCfg = Debug|Any CPU
		{C8B5605C-60DD-8D7A-922F-41A802FD4D87}.Debug|Any CPU.Build.0 = Debug|Any CPU
		{C8B5605C-60DD-8D7A-922F-41A802FD4D87}.Release|Any CPU.ActiveCfg = Release|Any CPU
		{C8B5605C-60DD-8D7A-922F-41A802FD4D87}.Release|Any CPU.Build.0 = Release|Any CPU
		{BF993F15-4EDC-9D77-64BB-33F72B8F3D0C}.Debug|Any CPU.ActiveCfg = Debug|Any CPU
		{BF993F15-4EDC-9D77-64BB-33F72B8F3D0C}.Debug|Any CPU.Build.0 = Debug|Any CPU
		{BF993F15-4EDC-9D77-64BB-33F72B8F3D0C}.Release|Any CPU.ActiveCfg = Release|Any CPU
		{BF993F15-4EDC-9D77-64BB-33F72B8F3D0C}.Release|Any CPU.Build.0 = Release|Any CPU
		{10EC59E6-9726-237B-A5AB-9498767A0E26}.Debug|Any CPU.ActiveCfg = Debug|Any CPU
		{10EC59E6-9726-237B-A5AB-9498767A0E26}.Debug|Any CPU.Build.0 = Debug|Any CPU
		{10EC59E6-9726-237B-A5AB-9498767A0E26}.Release|Any CPU.ActiveCfg = Release|Any CPU
		{10EC59E6-9726-237B-A5AB-9498767A0E26}.Release|Any CPU.Build.0 = Release|Any CPU
		{AA4F1247-C686-E3CD-4180-5D3888F1B335}.Debug|Any CPU.ActiveCfg = Debug|Any CPU
		{AA4F1247-C686-E3CD-4180-5D3888F1B335}.Debug|Any CPU.Build.0 = Debug|Any CPU
		{AA4F1247-C686-E3CD-4180-5D3888F1B335}.Release|Any CPU.ActiveCfg = Release|Any CPU
		{AA4F1247-C686-E3CD-4180-5D3888F1B335}.Release|Any CPU.Build.0 = Release|Any CPU
		{49348A2B-10B0-108A-C80F-CD387496F6EF}.Debug|Any CPU.ActiveCfg = Debug|Any CPU
		{49348A2B-10B0-108A-C80F-CD387496F6EF}.Debug|Any CPU.Build.0 = Debug|Any CPU
		{49348A2B-10B0-108A-C80F-CD387496F6EF}.Release|Any CPU.ActiveCfg = Release|Any CPU
		{49348A2B-10B0-108A-C80F-CD387496F6EF}.Release|Any CPU.Build.0 = Release|Any CPU
		{56474E05-AC0C-7D5C-FC7F-E0A5A94047FF}.Debug|Any CPU.ActiveCfg = Debug|Any CPU
		{56474E05-AC0C-7D5C-FC7F-E0A5A94047FF}.Debug|Any CPU.Build.0 = Debug|Any CPU
		{56474E05-AC0C-7D5C-FC7F-E0A5A94047FF}.Release|Any CPU.ActiveCfg = Release|Any CPU
		{56474E05-AC0C-7D5C-FC7F-E0A5A94047FF}.Release|Any CPU.Build.0 = Release|Any CPU
		{E42A35B0-AFBB-BD4A-BD04-EB5823FF0EC7}.Debug|Any CPU.ActiveCfg = Debug|Any CPU
		{E42A35B0-AFBB-BD4A-BD04-EB5823FF0EC7}.Debug|Any CPU.Build.0 = Debug|Any CPU
		{E42A35B0-AFBB-BD4A-BD04-EB5823FF0EC7}.Release|Any CPU.ActiveCfg = Release|Any CPU
		{E42A35B0-AFBB-BD4A-BD04-EB5823FF0EC7}.Release|Any CPU.Build.0 = Release|Any CPU
		{B2EE17E6-C31B-4A43-59B2-77607AF48B55}.Debug|Any CPU.ActiveCfg = Debug|Any CPU
		{B2EE17E6-C31B-4A43-59B2-77607AF48B55}.Debug|Any CPU.Build.0 = Debug|Any CPU
		{B2EE17E6-C31B-4A43-59B2-77607AF48B55}.Release|Any CPU.ActiveCfg = Release|Any CPU
		{B2EE17E6-C31B-4A43-59B2-77607AF48B55}.Release|Any CPU.Build.0 = Release|Any CPU
		{A27DB1AE-2AED-F03B-94FC-540C91DFC85E}.Debug|Any CPU.ActiveCfg = Debug|Any CPU
		{A27DB1AE-2AED-F03B-94FC-540C91DFC85E}.Debug|Any CPU.Build.0 = Debug|Any CPU
		{A27DB1AE-2AED-F03B-94FC-540C91DFC85E}.Release|Any CPU.ActiveCfg = Release|Any CPU
		{A27DB1AE-2AED-F03B-94FC-540C91DFC85E}.Release|Any CPU.Build.0 = Release|Any CPU
		{0FC6107C-1ECE-871F-1C69-C338591FDB1C}.Debug|Any CPU.ActiveCfg = Debug|Any CPU
		{0FC6107C-1ECE-871F-1C69-C338591FDB1C}.Debug|Any CPU.Build.0 = Debug|Any CPU
		{0FC6107C-1ECE-871F-1C69-C338591FDB1C}.Release|Any CPU.ActiveCfg = Release|Any CPU
		{0FC6107C-1ECE-871F-1C69-C338591FDB1C}.Release|Any CPU.Build.0 = Release|Any CPU
		{C790E05E-76BF-A9AE-A782-B039C6D1A5A8}.Debug|Any CPU.ActiveCfg = Debug|Any CPU
		{C790E05E-76BF-A9AE-A782-B039C6D1A5A8}.Debug|Any CPU.Build.0 = Debug|Any CPU
		{C790E05E-76BF-A9AE-A782-B039C6D1A5A8}.Release|Any CPU.ActiveCfg = Release|Any CPU
		{C790E05E-76BF-A9AE-A782-B039C6D1A5A8}.Release|Any CPU.Build.0 = Release|Any CPU
		{B7237668-F96D-2960-9EF2-6814B4CFCA39}.Debug|Any CPU.ActiveCfg = Debug|Any CPU
		{B7237668-F96D-2960-9EF2-6814B4CFCA39}.Debug|Any CPU.Build.0 = Debug|Any CPU
		{B7237668-F96D-2960-9EF2-6814B4CFCA39}.Release|Any CPU.ActiveCfg = Release|Any CPU
		{B7237668-F96D-2960-9EF2-6814B4CFCA39}.Release|Any CPU.Build.0 = Release|Any CPU
		{7D07609A-C381-57C8-B731-11B7CC189A32}.Debug|Any CPU.ActiveCfg = Debug|Any CPU
		{7D07609A-C381-57C8-B731-11B7CC189A32}.Debug|Any CPU.Build.0 = Debug|Any CPU
		{7D07609A-C381-57C8-B731-11B7CC189A32}.Release|Any CPU.ActiveCfg = Release|Any CPU
		{7D07609A-C381-57C8-B731-11B7CC189A32}.Release|Any CPU.Build.0 = Release|Any CPU
		{76E3B71B-2E8B-1AEE-5D2A-FFAA6A434901}.Debug|Any CPU.ActiveCfg = Debug|Any CPU
		{76E3B71B-2E8B-1AEE-5D2A-FFAA6A434901}.Debug|Any CPU.Build.0 = Debug|Any CPU
		{76E3B71B-2E8B-1AEE-5D2A-FFAA6A434901}.Release|Any CPU.ActiveCfg = Release|Any CPU
		{76E3B71B-2E8B-1AEE-5D2A-FFAA6A434901}.Release|Any CPU.Build.0 = Release|Any CPU
		{DDC62770-6416-1922-ACBD-82ECD60DDB1E}.Debug|Any CPU.ActiveCfg = Debug|Any CPU
		{DDC62770-6416-1922-ACBD-82ECD60DDB1E}.Debug|Any CPU.Build.0 = Debug|Any CPU
		{DDC62770-6416-1922-ACBD-82ECD60DDB1E}.Release|Any CPU.ActiveCfg = Release|Any CPU
		{DDC62770-6416-1922-ACBD-82ECD60DDB1E}.Release|Any CPU.Build.0 = Release|Any CPU
		{4FC79E9B-B4EB-D21C-82D4-40B926E1A156}.Debug|Any CPU.ActiveCfg = Debug|Any CPU
		{4FC79E9B-B4EB-D21C-82D4-40B926E1A156}.Debug|Any CPU.Build.0 = Debug|Any CPU
		{4FC79E9B-B4EB-D21C-82D4-40B926E1A156}.Release|Any CPU.ActiveCfg = Release|Any CPU
		{4FC79E9B-B4EB-D21C-82D4-40B926E1A156}.Release|Any CPU.Build.0 = Release|Any CPU
		{349CC130-5765-7855-965A-68D53294CE46}.Debug|Any CPU.ActiveCfg = Debug|Any CPU
		{349CC130-5765-7855-965A-68D53294CE46}.Debug|Any CPU.Build.0 = Debug|Any CPU
		{349CC130-5765-7855-965A-68D53294CE46}.Release|Any CPU.ActiveCfg = Release|Any CPU
		{349CC130-5765-7855-965A-68D53294CE46}.Release|Any CPU.Build.0 = Release|Any CPU
		{D77DF9E2-409B-0A2A-F21B-356E28168757}.Debug|Any CPU.ActiveCfg = Debug|Any CPU
		{D77DF9E2-409B-0A2A-F21B-356E28168757}.Debug|Any CPU.Build.0 = Debug|Any CPU
		{D77DF9E2-409B-0A2A-F21B-356E28168757}.Release|Any CPU.ActiveCfg = Release|Any CPU
		{D77DF9E2-409B-0A2A-F21B-356E28168757}.Release|Any CPU.Build.0 = Release|Any CPU
		{A6408106-D872-06CD-E86F-4A0E77C7F0B8}.Debug|Any CPU.ActiveCfg = Debug|Any CPU
		{A6408106-D872-06CD-E86F-4A0E77C7F0B8}.Debug|Any CPU.Build.0 = Debug|Any CPU
		{A6408106-D872-06CD-E86F-4A0E77C7F0B8}.Release|Any CPU.ActiveCfg = Release|Any CPU
		{A6408106-D872-06CD-E86F-4A0E77C7F0B8}.Release|Any CPU.Build.0 = Release|Any CPU
		{37D0AC5E-4546-A5CA-15ED-5A1188143AEC}.Debug|Any CPU.ActiveCfg = Debug|Any CPU
		{37D0AC5E-4546-A5CA-15ED-5A1188143AEC}.Debug|Any CPU.Build.0 = Debug|Any CPU
		{37D0AC5E-4546-A5CA-15ED-5A1188143AEC}.Release|Any CPU.ActiveCfg = Release|Any CPU
		{37D0AC5E-4546-A5CA-15ED-5A1188143AEC}.Release|Any CPU.Build.0 = Release|Any CPU
		{E3E2B47D-60FA-68CB-4CD6-F6B1587F50FA}.Debug|Any CPU.ActiveCfg = Debug|Any CPU
		{E3E2B47D-60FA-68CB-4CD6-F6B1587F50FA}.Debug|Any CPU.Build.0 = Debug|Any CPU
		{E3E2B47D-60FA-68CB-4CD6-F6B1587F50FA}.Release|Any CPU.ActiveCfg = Release|Any CPU
		{E3E2B47D-60FA-68CB-4CD6-F6B1587F50FA}.Release|Any CPU.Build.0 = Release|Any CPU
		{B75706B5-4E18-25AE-E5DB-5201CA27FBDB}.Debug|Any CPU.ActiveCfg = Debug|Any CPU
		{B75706B5-4E18-25AE-E5DB-5201CA27FBDB}.Debug|Any CPU.Build.0 = Debug|Any CPU
		{B75706B5-4E18-25AE-E5DB-5201CA27FBDB}.Release|Any CPU.ActiveCfg = Release|Any CPU
		{B75706B5-4E18-25AE-E5DB-5201CA27FBDB}.Release|Any CPU.Build.0 = Release|Any CPU
		{B957A19D-0072-20FC-B0A9-3EAEE28CA6B6}.Debug|Any CPU.ActiveCfg = Debug|Any CPU
		{B957A19D-0072-20FC-B0A9-3EAEE28CA6B6}.Debug|Any CPU.Build.0 = Debug|Any CPU
		{B957A19D-0072-20FC-B0A9-3EAEE28CA6B6}.Release|Any CPU.ActiveCfg = Release|Any CPU
		{B957A19D-0072-20FC-B0A9-3EAEE28CA6B6}.Release|Any CPU.Build.0 = Release|Any CPU
		{19E9310C-3670-B9EB-6E42-310F5C2439B4}.Debug|Any CPU.ActiveCfg = Debug|Any CPU
		{19E9310C-3670-B9EB-6E42-310F5C2439B4}.Debug|Any CPU.Build.0 = Debug|Any CPU
		{19E9310C-3670-B9EB-6E42-310F5C2439B4}.Release|Any CPU.ActiveCfg = Release|Any CPU
		{19E9310C-3670-B9EB-6E42-310F5C2439B4}.Release|Any CPU.Build.0 = Release|Any CPU
		{E1C7F2CF-9079-3A7D-A3C7-A676DFE1A140}.Debug|Any CPU.ActiveCfg = Debug|Any CPU
		{E1C7F2CF-9079-3A7D-A3C7-A676DFE1A140}.Debug|Any CPU.Build.0 = Debug|Any CPU
		{E1C7F2CF-9079-3A7D-A3C7-A676DFE1A140}.Release|Any CPU.ActiveCfg = Release|Any CPU
		{E1C7F2CF-9079-3A7D-A3C7-A676DFE1A140}.Release|Any CPU.Build.0 = Release|Any CPU
		{39B70460-B606-1DCA-75CA-2960FEF38A84}.Debug|Any CPU.ActiveCfg = Debug|Any CPU
		{39B70460-B606-1DCA-75CA-2960FEF38A84}.Debug|Any CPU.Build.0 = Debug|Any CPU
		{39B70460-B606-1DCA-75CA-2960FEF38A84}.Release|Any CPU.ActiveCfg = Release|Any CPU
		{39B70460-B606-1DCA-75CA-2960FEF38A84}.Release|Any CPU.Build.0 = Release|Any CPU
		{EED7DA80-48EE-5AD2-E8B7-01E07F773992}.Debug|Any CPU.ActiveCfg = Debug|Any CPU
		{EED7DA80-48EE-5AD2-E8B7-01E07F773992}.Debug|Any CPU.Build.0 = Debug|Any CPU
		{EED7DA80-48EE-5AD2-E8B7-01E07F773992}.Release|Any CPU.ActiveCfg = Release|Any CPU
		{EED7DA80-48EE-5AD2-E8B7-01E07F773992}.Release|Any CPU.Build.0 = Release|Any CPU
		{C5278A57-9CE8-8B54-89ED-D3F87753FCA7}.Debug|Any CPU.ActiveCfg = Debug|Any CPU
		{C5278A57-9CE8-8B54-89ED-D3F87753FCA7}.Debug|Any CPU.Build.0 = Debug|Any CPU
		{C5278A57-9CE8-8B54-89ED-D3F87753FCA7}.Release|Any CPU.ActiveCfg = Release|Any CPU
		{C5278A57-9CE8-8B54-89ED-D3F87753FCA7}.Release|Any CPU.Build.0 = Release|Any CPU
		{84370F93-7E24-58E6-1963-3181FB8B9614}.Debug|Any CPU.ActiveCfg = Debug|Any CPU
		{84370F93-7E24-58E6-1963-3181FB8B9614}.Debug|Any CPU.Build.0 = Debug|Any CPU
		{84370F93-7E24-58E6-1963-3181FB8B9614}.Release|Any CPU.ActiveCfg = Release|Any CPU
		{84370F93-7E24-58E6-1963-3181FB8B9614}.Release|Any CPU.Build.0 = Release|Any CPU
		{94FA9BD9-B356-E8AB-C02E-C14B8C98A060}.Debug|Any CPU.ActiveCfg = Debug|Any CPU
		{94FA9BD9-B356-E8AB-C02E-C14B8C98A060}.Debug|Any CPU.Build.0 = Debug|Any CPU
		{94FA9BD9-B356-E8AB-C02E-C14B8C98A060}.Release|Any CPU.ActiveCfg = Release|Any CPU
		{94FA9BD9-B356-E8AB-C02E-C14B8C98A060}.Release|Any CPU.Build.0 = Release|Any CPU
		{339B83CF-CD57-930A-300C-7832367C873E}.Debug|Any CPU.ActiveCfg = Debug|Any CPU
		{339B83CF-CD57-930A-300C-7832367C873E}.Debug|Any CPU.Build.0 = Debug|Any CPU
		{339B83CF-CD57-930A-300C-7832367C873E}.Release|Any CPU.ActiveCfg = Release|Any CPU
		{339B83CF-CD57-930A-300C-7832367C873E}.Release|Any CPU.Build.0 = Release|Any CPU
		{EBDC65FD-BB5B-FDBD-B1F9-AA22EBDC0F14}.Debug|Any CPU.ActiveCfg = Debug|Any CPU
		{EBDC65FD-BB5B-FDBD-B1F9-AA22EBDC0F14}.Debug|Any CPU.Build.0 = Debug|Any CPU
		{EBDC65FD-BB5B-FDBD-B1F9-AA22EBDC0F14}.Release|Any CPU.ActiveCfg = Release|Any CPU
		{EBDC65FD-BB5B-FDBD-B1F9-AA22EBDC0F14}.Release|Any CPU.Build.0 = Release|Any CPU
		{9E572B42-ECD6-2771-ECDB-7B1B13831E25}.Debug|Any CPU.ActiveCfg = Debug|Any CPU
		{9E572B42-ECD6-2771-ECDB-7B1B13831E25}.Debug|Any CPU.Build.0 = Debug|Any CPU
		{9E572B42-ECD6-2771-ECDB-7B1B13831E25}.Release|Any CPU.ActiveCfg = Release|Any CPU
		{9E572B42-ECD6-2771-ECDB-7B1B13831E25}.Release|Any CPU.Build.0 = Release|Any CPU
		{1641C6D2-9DB0-8356-1ECA-8DC36C6F2D31}.Debug|Any CPU.ActiveCfg = Debug|Any CPU
		{1641C6D2-9DB0-8356-1ECA-8DC36C6F2D31}.Debug|Any CPU.Build.0 = Debug|Any CPU
		{1641C6D2-9DB0-8356-1ECA-8DC36C6F2D31}.Release|Any CPU.ActiveCfg = Release|Any CPU
		{1641C6D2-9DB0-8356-1ECA-8DC36C6F2D31}.Release|Any CPU.Build.0 = Release|Any CPU
		{FEC6109C-72F8-F490-6BC0-EFE78E322978}.Debug|Any CPU.ActiveCfg = Debug|Any CPU
		{FEC6109C-72F8-F490-6BC0-EFE78E322978}.Debug|Any CPU.Build.0 = Debug|Any CPU
		{FEC6109C-72F8-F490-6BC0-EFE78E322978}.Release|Any CPU.ActiveCfg = Release|Any CPU
		{FEC6109C-72F8-F490-6BC0-EFE78E322978}.Release|Any CPU.Build.0 = Release|Any CPU
		{093E0F34-4337-A990-4FC9-94D9AC891E76}.Debug|Any CPU.ActiveCfg = Debug|Any CPU
		{093E0F34-4337-A990-4FC9-94D9AC891E76}.Debug|Any CPU.Build.0 = Debug|Any CPU
		{093E0F34-4337-A990-4FC9-94D9AC891E76}.Release|Any CPU.ActiveCfg = Release|Any CPU
		{093E0F34-4337-A990-4FC9-94D9AC891E76}.Release|Any CPU.Build.0 = Release|Any CPU
		{97BFEB1E-EC51-90A7-047E-C90C2BC0DEAF}.Debug|Any CPU.ActiveCfg = Debug|Any CPU
		{97BFEB1E-EC51-90A7-047E-C90C2BC0DEAF}.Debug|Any CPU.Build.0 = Debug|Any CPU
		{97BFEB1E-EC51-90A7-047E-C90C2BC0DEAF}.Release|Any CPU.ActiveCfg = Release|Any CPU
		{97BFEB1E-EC51-90A7-047E-C90C2BC0DEAF}.Release|Any CPU.Build.0 = Release|Any CPU
		{0EA3B684-8FBF-BBF2-C62F-8D8929EC356D}.Debug|Any CPU.ActiveCfg = Debug|Any CPU
		{0EA3B684-8FBF-BBF2-C62F-8D8929EC356D}.Debug|Any CPU.Build.0 = Debug|Any CPU
		{0EA3B684-8FBF-BBF2-C62F-8D8929EC356D}.Release|Any CPU.ActiveCfg = Release|Any CPU
		{0EA3B684-8FBF-BBF2-C62F-8D8929EC356D}.Release|Any CPU.Build.0 = Release|Any CPU
		{FD59AA95-67EF-EF4D-1AFD-49113833830F}.Debug|Any CPU.ActiveCfg = Debug|Any CPU
		{FD59AA95-67EF-EF4D-1AFD-49113833830F}.Debug|Any CPU.Build.0 = Debug|Any CPU
		{FD59AA95-67EF-EF4D-1AFD-49113833830F}.Release|Any CPU.ActiveCfg = Release|Any CPU
		{FD59AA95-67EF-EF4D-1AFD-49113833830F}.Release|Any CPU.Build.0 = Release|Any CPU
		{21442379-2850-7BBC-DF52-59FB33436FBA}.Debug|Any CPU.ActiveCfg = Debug|Any CPU
		{21442379-2850-7BBC-DF52-59FB33436FBA}.Debug|Any CPU.Build.0 = Debug|Any CPU
		{21442379-2850-7BBC-DF52-59FB33436FBA}.Release|Any CPU.ActiveCfg = Release|Any CPU
		{21442379-2850-7BBC-DF52-59FB33436FBA}.Release|Any CPU.Build.0 = Release|Any CPU
		{518E410F-79B3-D8E3-1B22-E6854DBC0D05}.Debug|Any CPU.ActiveCfg = Debug|Any CPU
		{518E410F-79B3-D8E3-1B22-E6854DBC0D05}.Debug|Any CPU.Build.0 = Debug|Any CPU
		{518E410F-79B3-D8E3-1B22-E6854DBC0D05}.Release|Any CPU.ActiveCfg = Release|Any CPU
		{518E410F-79B3-D8E3-1B22-E6854DBC0D05}.Release|Any CPU.Build.0 = Release|Any CPU
		{9248C58D-C01E-1E4A-4752-0EC576A4FF29}.Debug|Any CPU.ActiveCfg = Debug|Any CPU
		{9248C58D-C01E-1E4A-4752-0EC576A4FF29}.Debug|Any CPU.Build.0 = Debug|Any CPU
		{9248C58D-C01E-1E4A-4752-0EC576A4FF29}.Release|Any CPU.ActiveCfg = Release|Any CPU
		{9248C58D-C01E-1E4A-4752-0EC576A4FF29}.Release|Any CPU.Build.0 = Release|Any CPU
		{B20F5AC4-E78B-3793-C562-A3018F50EA63}.Debug|Any CPU.ActiveCfg = Debug|Any CPU
		{B20F5AC4-E78B-3793-C562-A3018F50EA63}.Debug|Any CPU.Build.0 = Debug|Any CPU
		{B20F5AC4-E78B-3793-C562-A3018F50EA63}.Release|Any CPU.ActiveCfg = Release|Any CPU
		{B20F5AC4-E78B-3793-C562-A3018F50EA63}.Release|Any CPU.Build.0 = Release|Any CPU
		{260511DF-DFDE-9BA7-5811-7481AC924FFF}.Debug|Any CPU.ActiveCfg = Debug|Any CPU
		{260511DF-DFDE-9BA7-5811-7481AC924FFF}.Debug|Any CPU.Build.0 = Debug|Any CPU
		{260511DF-DFDE-9BA7-5811-7481AC924FFF}.Release|Any CPU.ActiveCfg = Release|Any CPU
		{260511DF-DFDE-9BA7-5811-7481AC924FFF}.Release|Any CPU.Build.0 = Release|Any CPU
		{F5AB4B87-5F43-A2DE-7641-D97048F8C388}.Debug|Any CPU.ActiveCfg = Debug|Any CPU
		{F5AB4B87-5F43-A2DE-7641-D97048F8C388}.Debug|Any CPU.Build.0 = Debug|Any CPU
		{F5AB4B87-5F43-A2DE-7641-D97048F8C388}.Release|Any CPU.ActiveCfg = Release|Any CPU
		{F5AB4B87-5F43-A2DE-7641-D97048F8C388}.Release|Any CPU.Build.0 = Release|Any CPU
		{F985AB16-5B33-BC25-A76A-8668FBD68213}.Debug|Any CPU.ActiveCfg = Debug|Any CPU
		{F985AB16-5B33-BC25-A76A-8668FBD68213}.Debug|Any CPU.Build.0 = Debug|Any CPU
		{F985AB16-5B33-BC25-A76A-8668FBD68213}.Release|Any CPU.ActiveCfg = Release|Any CPU
		{F985AB16-5B33-BC25-A76A-8668FBD68213}.Release|Any CPU.Build.0 = Release|Any CPU
		{D535CAA4-3AD7-0BC7-3DFD-1D34468DC034}.Debug|Any CPU.ActiveCfg = Debug|Any CPU
		{D535CAA4-3AD7-0BC7-3DFD-1D34468DC034}.Debug|Any CPU.Build.0 = Debug|Any CPU
		{D535CAA4-3AD7-0BC7-3DFD-1D34468DC034}.Release|Any CPU.ActiveCfg = Release|Any CPU
		{D535CAA4-3AD7-0BC7-3DFD-1D34468DC034}.Release|Any CPU.Build.0 = Release|Any CPU
		{1A19D37D-96CF-D8BB-FD33-3673EDCBA0FC}.Debug|Any CPU.ActiveCfg = Debug|Any CPU
		{1A19D37D-96CF-D8BB-FD33-3673EDCBA0FC}.Debug|Any CPU.Build.0 = Debug|Any CPU
		{1A19D37D-96CF-D8BB-FD33-3673EDCBA0FC}.Release|Any CPU.ActiveCfg = Release|Any CPU
		{1A19D37D-96CF-D8BB-FD33-3673EDCBA0FC}.Release|Any CPU.Build.0 = Release|Any CPU
	EndGlobalSection
	GlobalSection(SolutionProperties) = preSolution
		HideSolutionNode = FALSE
	EndGlobalSection
EndGlobal
